
Microsoft Visual Studio Solution File, Format Version 12.00
# Visual Studio Version 16
VisualStudioVersion = 16.0.29201.188
MinimumVisualStudioVersion = 10.0.40219.1
Project("{FAE04EC0-301F-11D3-BF4B-00C04F79EFBC}") = "WindowsFormsProduce", "WindowsFormsProduce\WindowsFormsProduce.csproj", "{C795EF14-DCA9-49DE-B51E-D5250780DE86}"
EndProject
Project("{FAE04EC0-301F-11D3-BF4B-00C04F79EFBC}") = "WindowsFormsConsumer", "WindowsFormsConsumer\WindowsFormsConsumer.csproj", "{0343AC2B-A6DD-4267-AED2-494065EF4E83}"
EndProject
Project("{FAE04EC0-301F-11D3-BF4B-00C04F79EFBC}") = "RabbitMQ", "RabbitMQ\RabbitMQ.csproj", "{0F0330AB-0A55-4CC9-BE49-28039294D0F7}"
EndProject
Global
	GlobalSection(SolutionConfigurationPlatforms) = preSolution
		Debug|Any CPU = Debug|Any CPU
		Release|Any CPU = Release|Any CPU
	EndGlobalSection
	GlobalSection(ProjectConfigurationPlatforms) = postSolution
		{C795EF14-DCA9-49DE-B51E-D5250780DE86}.Debug|Any CPU.ActiveCfg = Debug|Any CPU
		{C795EF14-DCA9-49DE-B51E-D5250780DE86}.Debug|Any CPU.Build.0 = Debug|Any CPU
		{C795EF14-DCA9-49DE-B51E-D5250780DE86}.Release|Any CPU.ActiveCfg = Release|Any CPU
		{C795EF14-DCA9-49DE-B51E-D5250780DE86}.Release|Any CPU.Build.0 = Release|Any CPU
		{0343AC2B-A6DD-4267-AED2-494065EF4E83}.Debug|Any CPU.ActiveCfg = Debug|Any CPU
		{0343AC2B-A6DD-4267-AED2-494065EF4E83}.Debug|Any CPU.Build.0 = Debug|Any CPU
		{0343AC2B-A6DD-4267-AED2-494065EF4E83}.Release|Any CPU.ActiveCfg = Release|Any CPU
		{0343AC2B-A6DD-4267-AED2-494065EF4E83}.Release|Any CPU.Build.0 = Release|Any CPU
		{0F0330AB-0A55-4CC9-BE49-28039294D0F7}.Debug|Any CPU.ActiveCfg = Debug|Any CPU
		{0F0330AB-0A55-4CC9-BE49-28039294D0F7}.Debug|Any CPU.Build.0 = Debug|Any CPU
		{0F0330AB-0A55-4CC9-BE49-28039294D0F7}.Release|Any CPU.ActiveCfg = Release|Any CPU
		{0F0330AB-0A55-4CC9-BE49-28039294D0F7}.Release|Any CPU.Build.0 = Release|Any CPU
	EndGlobalSection
	GlobalSection(SolutionProperties) = preSolution
		HideSolutionNode = FALSE
	EndGlobalSection
	GlobalSection(ExtensibilityGlobals) = postSolution
		SolutionGuid = {78DF96FB-8420-4E29-982B-9380EC3C3805}
	EndGlobalSection
EndGlobal
